<?xml version="1.0" encoding="utf-8"?>
<Project ToolsVersion="4.0" xmlns="http://schemas.microsoft.com/developer/msbuild/2003">
  <ItemGroup>
    <Filter Include="AVX_CHAM">
      <UniqueIdentifier>{2c0bbe06-8ce0-4c0e-86fd-37070a4c8470}</UniqueIdentifier>
    </Filter>
    <Filter Include="AVX_LEA">
      <UniqueIdentifier>{530478ee-322b-4758-8d65-b5e73d132e9a}</UniqueIdentifier>
    </Filter>
    <Filter Include="AVX_HIGHT">
      <UniqueIdentifier>{accfcb7d-5f27-4395-bf25-f5a252a30404}</UniqueIdentifier>
    </Filter>
  </ItemGroup>
  <ItemGroup>
    <ClCompile Include="AVX_HIGHT.c">
      <Filter>AVX_HIGHT</Filter>
    </ClCompile>
    <ClCompile Include="AVX_LEA.c">
      <Filter>AVX_LEA</Filter>
    </ClCompile>
    <ClCompile Include="AVX_CHAM.c">
      <Filter>AVX_CHAM</Filter>
    </ClCompile>
    <ClCompile Include="main.c" />
    <ClCompile Include="AVXCrypto.c" />
  </ItemGroup>
  <ItemGroup>
    <ClInclude Include="config.h" />
    <ClInclude Include="lea.h" />
    <ClInclude Include="cpu_info.h" />
    <ClInclude Include="lea_locl.h" />
    <ClInclude Include="AVXCrypto.h" />
  </ItemGroup>
</Project>